
Microsoft Visual Studio Solution File, Format Version 12.00
# Visual Studio Version 16
VisualStudioVersion = 16.0.29613.14
MinimumVisualStudioVersion = 10.0.40219.1
Project("{FAE04EC0-301F-11D3-BF4B-00C04F79EFBC}") = "Programación-2ºTrimestre", "Programación-2ºTrimestre\Programación-2ºTrimestre.csproj", "{0C3FC00F-B43B-4CFA-8D01-3AC98B866DDC}"
EndProject
Global
	GlobalSection(SolutionConfigurationPlatforms) = preSolution
		Debug|Any CPU = Debug|Any CPU
		Release|Any CPU = Release|Any CPU
	EndGlobalSection
	GlobalSection(ProjectConfigurationPlatforms) = postSolution
		{0C3FC00F-B43B-4CFA-8D01-3AC98B866DDC}.Debug|Any CPU.ActiveCfg = Debug|Any CPU
		{0C3FC00F-B43B-4CFA-8D01-3AC98B866DDC}.Debug|Any CPU.Build.0 = Debug|Any CPU
		{0C3FC00F-B43B-4CFA-8D01-3AC98B866DDC}.Release|Any CPU.ActiveCfg = Release|Any CPU
		{0C3FC00F-B43B-4CFA-8D01-3AC98B866DDC}.Release|Any CPU.Build.0 = Release|Any CPU
	EndGlobalSection
	GlobalSection(SolutionProperties) = preSolution
		HideSolutionNode = FALSE
	EndGlobalSection
	GlobalSection(ExtensibilityGlobals) = postSolution
		SolutionGuid = {768986B8-6071-4E68-BC0E-FDDF835E3AA3}
	EndGlobalSection
EndGlobal
